
Microsoft Visual Studio Solution File, Format Version 12.00
# Visual Studio Version 16
VisualStudioVersion = 16.0.31829.152
MinimumVisualStudioVersion = 10.0.40219.1
Project("{FAE04EC0-301F-11D3-BF4B-00C04F79EFBC}") = "RevitAPITrainingTsk82", "RevitAPITrainingTsk82\RevitAPITrainingTsk82.csproj", "{D8C874E6-2AE0-41C0-8E5D-70F401307BF0}"
EndProject
Global
	GlobalSection(SolutionConfigurationPlatforms) = preSolution
		Debug|Any CPU = Debug|Any CPU
		Release|Any CPU = Release|Any CPU
	EndGlobalSection
	GlobalSection(ProjectConfigurationPlatforms) = postSolution
		{D8C874E6-2AE0-41C0-8E5D-70F401307BF0}.Debug|Any CPU.ActiveCfg = Debug|Any CPU
		{D8C874E6-2AE0-41C0-8E5D-70F401307BF0}.Debug|Any CPU.Build.0 = Debug|Any CPU
		{D8C874E6-2AE0-41C0-8E5D-70F401307BF0}.Release|Any CPU.ActiveCfg = Release|Any CPU
		{D8C874E6-2AE0-41C0-8E5D-70F401307BF0}.Release|Any CPU.Build.0 = Release|Any CPU
	EndGlobalSection
	GlobalSection(SolutionProperties) = preSolution
		HideSolutionNode = FALSE
	EndGlobalSection
	GlobalSection(ExtensibilityGlobals) = postSolution
		SolutionGuid = {ADA5A90C-B166-42D5-8273-5EE98F6C094F}
	EndGlobalSection
EndGlobal
